
Microsoft Visual Studio Solution File, Format Version 12.00
# Visual Studio Version 17
VisualStudioVersion = 17.12.35527.113 d17.12
MinimumVisualStudioVersion = 10.0.40219.1
Project("{FAE04EC0-301F-11D3-BF4B-00C04F79EFBC}") = "RequiredAndNullable", "RequiredAndNullable\RequiredAndNullable.csproj", "{D3C5B974-EE7D-4789-9A8A-C2020BDADBCC}"
EndProject
Project("{FAE04EC0-301F-11D3-BF4B-00C04F79EFBC}") = "RequiredAndNullable.Tests", "RequiredAndNullable.Tests\RequiredAndNullable.Tests.csproj", "{B0739E22-AA5F-4F75-8C8E-D31A46964550}"
EndProject
Global
	GlobalSection(SolutionConfigurationPlatforms) = preSolution
		Debug|Any CPU = Debug|Any CPU
		Release|Any CPU = Release|Any CPU
	EndGlobalSection
	GlobalSection(ProjectConfigurationPlatforms) = postSolution
		{D3C5B974-EE7D-4789-9A8A-C2020BDADBCC}.Debug|Any CPU.ActiveCfg = Debug|Any CPU
		{D3C5B974-EE7D-4789-9A8A-C2020BDADBCC}.Debug|Any CPU.Build.0 = Debug|Any CPU
		{D3C5B974-EE7D-4789-9A8A-C2020BDADBCC}.Release|Any CPU.ActiveCfg = Release|Any CPU
		{D3C5B974-EE7D-4789-9A8A-C2020BDADBCC}.Release|Any CPU.Build.0 = Release|Any CPU
		{B0739E22-AA5F-4F75-8C8E-D31A46964550}.Debug|Any CPU.ActiveCfg = Debug|Any CPU
		{B0739E22-AA5F-4F75-8C8E-D31A46964550}.Debug|Any CPU.Build.0 = Debug|Any CPU
		{B0739E22-AA5F-4F75-8C8E-D31A46964550}.Release|Any CPU.ActiveCfg = Release|Any CPU
		{B0739E22-AA5F-4F75-8C8E-D31A46964550}.Release|Any CPU.Build.0 = Release|Any CPU
	EndGlobalSection
	GlobalSection(SolutionProperties) = preSolution
		HideSolutionNode = FALSE
	EndGlobalSection
EndGlobal
